# This file is automatically @generated by Cargo.
# It is not intended for manual editing.
[[package]]
name = "bootloader"
version = "0.9.11"
source = "registry+https://github.com/rust-lang/crates.io-index"
checksum = "83732ad599045a978528e4311539fdcb20c30e406b66d1d08cd4089d4fc8d90f"

[[package]]
name = "dk"
version = "0.1.0"
dependencies = [
 "bootloader",
 "spin",
 "volatile",
]

[[package]]
name = "spin"
version = "0.4.10"
source = "registry+https://github.com/rust-lang/crates.io-index"
checksum = "ceac490aa12c567115b40b7b7fceca03a6c9d53d5defea066123debc83c5dc1f"

[[package]]
name = "volatile"
version = "0.4.2"
source = "registry+https://github.com/rust-lang/crates.io-index"
checksum = "8b53d47a0f279fc0a9d9d1d82f4c6f313eb63b73e2a85d9c27fd609084cfa08f"
