# This file is automatically @generated by Cargo.
# It is not intended for manual editing.
[[package]]
name = "bootloader"
version = "0.9.12"
source = "registry+https://github.com/rust-lang/crates.io-index"
checksum = "452bbab4eae8767805ff09386c9e26d42ceb6964916ab3c64425469342473f91"

[[package]]
name = "dk"
version = "0.1.0"
dependencies = [
 "bootloader",
 "spin",
 "volatile",
]

[[package]]
name = "spin"
version = "0.4.10"
source = "registry+https://github.com/rust-lang/crates.io-index"
checksum = "ceac490aa12c567115b40b7b7fceca03a6c9d53d5defea066123debc83c5dc1f"

[[package]]
name = "volatile"
version = "0.4.3"
source = "registry+https://github.com/rust-lang/crates.io-index"
checksum = "8a9dc439ba8353e28f34356cf26f7847e5f15f33ccedde090278fa8ff08f4e10"
